
Microsoft Visual Studio Solution File, Format Version 12.00
# Visual Studio 14
VisualStudioVersion = 14.0.23107.0
MinimumVisualStudioVersion = 10.0.40219.1
Project("{FAE04EC0-301F-11D3-BF4B-00C04F79EFBC}") = "PcAvailabilityTest", "PcAvailabilityTest\PcAvailabilityTest.csproj", "{71DA49AE-D38D-4F8B-9E87-3FD12CDBA4F4}"
EndProject
Project("{2150E333-8FDC-42A3-9474-1A3956D46DE8}") = "PublishScripts", "PublishScripts", "{C5F59632-6285-4442-B1FE-70A3EC7D0A44}"
	ProjectSection(SolutionItems) = preProject
		PublishScripts\AzureVMPublishModule.psm1 = PublishScripts\AzureVMPublishModule.psm1
		PublishScripts\Publish-WebApplicationVM.ps1 = PublishScripts\Publish-WebApplicationVM.ps1
	EndProjectSection
EndProject
Project("{2150E333-8FDC-42A3-9474-1A3956D46DE8}") = "Configurations", "Configurations", "{9268BEA5-F4D5-44A5-A561-1D812F408F87}"
	ProjectSection(SolutionItems) = preProject
		PublishScripts\Configurations\PcAvailabilityTest-WAWS-dev.json = PublishScripts\Configurations\PcAvailabilityTest-WAWS-dev.json
	EndProjectSection
EndProject
Global
	GlobalSection(SolutionConfigurationPlatforms) = preSolution
		Debug|Any CPU = Debug|Any CPU
		Release|Any CPU = Release|Any CPU
	EndGlobalSection
	GlobalSection(ProjectConfigurationPlatforms) = postSolution
		{71DA49AE-D38D-4F8B-9E87-3FD12CDBA4F4}.Debug|Any CPU.ActiveCfg = Debug|Any CPU
		{71DA49AE-D38D-4F8B-9E87-3FD12CDBA4F4}.Debug|Any CPU.Build.0 = Debug|Any CPU
		{71DA49AE-D38D-4F8B-9E87-3FD12CDBA4F4}.Release|Any CPU.ActiveCfg = Release|Any CPU
		{71DA49AE-D38D-4F8B-9E87-3FD12CDBA4F4}.Release|Any CPU.Build.0 = Release|Any CPU
	EndGlobalSection
	GlobalSection(SolutionProperties) = preSolution
		HideSolutionNode = FALSE
	EndGlobalSection
	GlobalSection(NestedProjects) = preSolution
		{9268BEA5-F4D5-44A5-A561-1D812F408F87} = {C5F59632-6285-4442-B1FE-70A3EC7D0A44}
	EndGlobalSection
EndGlobal
